
Microsoft Visual Studio Solution File, Format Version 12.00
# Visual Studio Version 16
VisualStudioVersion = 16.0.35931.194
MinimumVisualStudioVersion = 10.0.40219.1
Project("{FAE04EC0-301F-11D3-BF4B-00C04F79EFBC}") = "nuanaddon_varimar", "nuanaddon_varimar\nuanaddon_varimar.csproj", "{FB7A7C46-7625-439D-89BC-05F155ABA479}"
EndProject
Global
	GlobalSection(SolutionConfigurationPlatforms) = preSolution
		Debug|Any CPU = Debug|Any CPU
		Release|Any CPU = Release|Any CPU
	EndGlobalSection
	GlobalSection(ProjectConfigurationPlatforms) = postSolution
		{FB7A7C46-7625-439D-89BC-05F155ABA479}.Debug|Any CPU.ActiveCfg = Debug|Any CPU
		{FB7A7C46-7625-439D-89BC-05F155ABA479}.Debug|Any CPU.Build.0 = Debug|Any CPU
		{FB7A7C46-7625-439D-89BC-05F155ABA479}.Release|Any CPU.ActiveCfg = Release|Any CPU
		{FB7A7C46-7625-439D-89BC-05F155ABA479}.Release|Any CPU.Build.0 = Release|Any CPU
	EndGlobalSection
	GlobalSection(SolutionProperties) = preSolution
		HideSolutionNode = FALSE
	EndGlobalSection
	GlobalSection(ExtensibilityGlobals) = postSolution
		SolutionGuid = {09A62D20-40D2-45B1-895B-C3A8030B2962}
	EndGlobalSection
EndGlobal
